
Microsoft Visual Studio Solution File, Format Version 12.00
# Visual Studio Version 16
VisualStudioVersion = 16.0.32106.194
MinimumVisualStudioVersion = 10.0.40219.1
Project("{9A19103F-16F7-4668-BE54-9A1E7A4F7556}") = "Semester-Project-0.1", "Semester-Project-0.1\Semester-Project-0.1.csproj", "{62B7FDD8-5F68-486B-B326-BA141C28BBCE}"
EndProject
Global
	GlobalSection(SolutionConfigurationPlatforms) = preSolution
		Debug|Any CPU = Debug|Any CPU
		Release|Any CPU = Release|Any CPU
	EndGlobalSection
	GlobalSection(ProjectConfigurationPlatforms) = postSolution
		{62B7FDD8-5F68-486B-B326-BA141C28BBCE}.Debug|Any CPU.ActiveCfg = Debug|Any CPU
		{62B7FDD8-5F68-486B-B326-BA141C28BBCE}.Debug|Any CPU.Build.0 = Debug|Any CPU
		{62B7FDD8-5F68-486B-B326-BA141C28BBCE}.Release|Any CPU.ActiveCfg = Release|Any CPU
		{62B7FDD8-5F68-486B-B326-BA141C28BBCE}.Release|Any CPU.Build.0 = Release|Any CPU
	EndGlobalSection
	GlobalSection(SolutionProperties) = preSolution
		HideSolutionNode = FALSE
	EndGlobalSection
	GlobalSection(ExtensibilityGlobals) = postSolution
		SolutionGuid = {8744871A-8FB9-42EA-B033-C89D5D9D869C}
	EndGlobalSection
EndGlobal
